// !$*UTF8*$!
{
	archiveVersion = 1;
	classes = {
	};
	objectVersion = 50;
	objects = {

/* Begin PBXBuildFile section */
		B533916325208F38009C8500 /* RatingView.swift in Sources */ = {isa = PBXBuildFile; fileRef = B533916225208F38009C8500 /* RatingView.swift */; };
		B533916A2520A4F6009C8500 /* MambaSearchField.swift in Sources */ = {isa = PBXBuildFile; fileRef = B53391692520A4F6009C8500 /* MambaSearchField.swift */; };
		B533B799251E59DB0030E640 /* UINavigationBar+Extensions.swift in Sources */ = {isa = PBXBuildFile; fileRef = B533B798251E59DB0030E640 /* UINavigationBar+Extensions.swift */; };
		B533B7A1251E5A220030E640 /* Array+Extension.swift in Sources */ = {isa = PBXBuildFile; fileRef = B533B7A0251E5A220030E640 /* Array+Extension.swift */; };
		B533B7A6251E5A4F0030E640 /* UIView+Extension.swift in Sources */ = {isa = PBXBuildFile; fileRef = B533B7A5251E5A4F0030E640 /* UIView+Extension.swift */; };
		B5474F3F2520D49700A5979B /* Splash.storyboard in Resources */ = {isa = PBXBuildFile; fileRef = B5474F3E2520D49700A5979B /* Splash.storyboard */; };
		B5474F452520D4C900A5979B /* SplashViewController.swift in Sources */ = {isa = PBXBuildFile; fileRef = B5474F442520D4C900A5979B /* SplashViewController.swift */; };
		B54A74192520E601005C0067 /* UIStackView+Extensions.swift in Sources */ = {isa = PBXBuildFile; fileRef = B54A74182520E601005C0067 /* UIStackView+Extensions.swift */; };
		B575D81F251E6D170015216C /* NEOImageView.swift in Sources */ = {isa = PBXBuildFile; fileRef = B575D81E251E6D170015216C /* NEOImageView.swift */; };
		B575D824251E6D540015216C /* DiscardableImageCacheItem.swift in Sources */ = {isa = PBXBuildFile; fileRef = B575D823251E6D540015216C /* DiscardableImageCacheItem.swift */; };
		B57D3A15252086D600477166 /* FilterSheet.xib in Resources */ = {isa = PBXBuildFile; fileRef = B57D3A14252086D600477166 /* FilterSheet.xib */; };
		B57D3A1A252086ED00477166 /* FilterSheet.swift in Sources */ = {isa = PBXBuildFile; fileRef = B57D3A19252086ED00477166 /* FilterSheet.swift */; };
		B5812485251F551E00778496 /* UIFont+Extension.swift in Sources */ = {isa = PBXBuildFile; fileRef = B5812484251F551E00778496 /* UIFont+Extension.swift */; };
		B581248F251F608A00778496 /* SimilarShows.storyboard in Resources */ = {isa = PBXBuildFile; fileRef = B581248E251F608A00778496 /* SimilarShows.storyboard */; };
		B5812495251F617600778496 /* SimilarShowsViewController.swift in Sources */ = {isa = PBXBuildFile; fileRef = B5812494251F617600778496 /* SimilarShowsViewController.swift */; };
		B58A3B90251F876F00AC6319 /* TVShowsViewModel.swift in Sources */ = {isa = PBXBuildFile; fileRef = B58A3B8F251F876F00AC6319 /* TVShowsViewModel.swift */; };
		B594202325239B1600358C20 /* Person.swift in Sources */ = {isa = PBXBuildFile; fileRef = B594202225239B1600358C20 /* Person.swift */; };
		B594202825239B6700358C20 /* PersonServiceManager.swift in Sources */ = {isa = PBXBuildFile; fileRef = B594202725239B6700358C20 /* PersonServiceManager.swift */; };
		B594202D25239DBC00358C20 /* PersonPageViewModel.swift in Sources */ = {isa = PBXBuildFile; fileRef = B594202C25239DBC00358C20 /* PersonPageViewModel.swift */; };
		B5993AF1252262AA00E312A9 /* CastResponse.swift in Sources */ = {isa = PBXBuildFile; fileRef = B5993AF0252262AA00E312A9 /* CastResponse.swift */; };
		B5993AF82522659400E312A9 /* Cast.storyboard in Resources */ = {isa = PBXBuildFile; fileRef = B5993AF72522659400E312A9 /* Cast.storyboard */; };
		B5993AFD252265B000E312A9 /* CastViewController.swift in Sources */ = {isa = PBXBuildFile; fileRef = B5993AFC252265B000E312A9 /* CastViewController.swift */; };
		B5993B042522662500E312A9 /* CastCell.swift in Sources */ = {isa = PBXBuildFile; fileRef = B5993B022522662500E312A9 /* CastCell.swift */; };
		B5993B052522662500E312A9 /* CastCell.xib in Resources */ = {isa = PBXBuildFile; fileRef = B5993B032522662500E312A9 /* CastCell.xib */; };
		B5993B1125226AC200E312A9 /* CastViewModel.swift in Sources */ = {isa = PBXBuildFile; fileRef = B5993B1025226AC200E312A9 /* CastViewModel.swift */; };
		B5E25141251F0F7D0033973D /* BaseViewController.swift in Sources */ = {isa = PBXBuildFile; fileRef = B5E25140251F0F7D0033973D /* BaseViewController.swift */; };
		B5E2514D251F11CA0033973D /* Coordinator.swift in Sources */ = {isa = PBXBuildFile; fileRef = B5E2514C251F11CA0033973D /* Coordinator.swift */; };
		B5E25155251F12030033973D /* AppCoordinator.swift in Sources */ = {isa = PBXBuildFile; fileRef = B5E25154251F12030033973D /* AppCoordinator.swift */; };
		B5E2515A251F12AC0033973D /* AppStoryboard.swift in Sources */ = {isa = PBXBuildFile; fileRef = B5E25159251F12AC0033973D /* AppStoryboard.swift */; };
		B5E2515F251F13150033973D /* Storyboard+Extension.swift in Sources */ = {isa = PBXBuildFile; fileRef = B5E2515E251F13150033973D /* Storyboard+Extension.swift */; };
		B5E25164251F148B0033973D /* UIViewController+Extension.swift in Sources */ = {isa = PBXBuildFile; fileRef = B5E25163251F148B0033973D /* UIViewController+Extension.swift */; };
		F21120B22523638600FDE779 /* PersonViewModel.swift in Sources */ = {isa = PBXBuildFile; fileRef = F21120B12523638600FDE779 /* PersonViewModel.swift */; };
		F21BB002251E10D300A64B34 /* AppDelegate.swift in Sources */ = {isa = PBXBuildFile; fileRef = F21BB001251E10D300A64B34 /* AppDelegate.swift */; };
		F21BB004251E10D300A64B34 /* SceneDelegate.swift in Sources */ = {isa = PBXBuildFile; fileRef = F21BB003251E10D300A64B34 /* SceneDelegate.swift */; };
		F21BB006251E10D300A64B34 /* MainViewController.swift in Sources */ = {isa = PBXBuildFile; fileRef = F21BB005251E10D300A64B34 /* MainViewController.swift */; };
		F21BB00B251E10D500A64B34 /* Assets.xcassets in Resources */ = {isa = PBXBuildFile; fileRef = F21BB00A251E10D500A64B34 /* Assets.xcassets */; };
		F21BB00E251E10D500A64B34 /* LaunchScreen.storyboard in Resources */ = {isa = PBXBuildFile; fileRef = F21BB00C251E10D500A64B34 /* LaunchScreen.storyboard */; };
		F21BB019251E10D500A64B34 /* Movie_DBTests.swift in Sources */ = {isa = PBXBuildFile; fileRef = F21BB018251E10D500A64B34 /* Movie_DBTests.swift */; };
		F21BB024251E10D500A64B34 /* Movie_DBUITests.swift in Sources */ = {isa = PBXBuildFile; fileRef = F21BB023251E10D500A64B34 /* Movie_DBUITests.swift */; };
		F21BB03F251E128C00A64B34 /* UIColor+Extension.swift in Sources */ = {isa = PBXBuildFile; fileRef = F21BB03B251E128C00A64B34 /* UIColor+Extension.swift */; };
		F21BB040251E128C00A64B34 /* UICollectionView+Extension.swift in Sources */ = {isa = PBXBuildFile; fileRef = F21BB03C251E128C00A64B34 /* UICollectionView+Extension.swift */; };
		F21BB041251E128C00A64B34 /* UICollectionViewCell+Extension.swift in Sources */ = {isa = PBXBuildFile; fileRef = F21BB03D251E128C00A64B34 /* UICollectionViewCell+Extension.swift */; };
		F21BB042251E128C00A64B34 /* UIDevice+Extensions.swift in Sources */ = {isa = PBXBuildFile; fileRef = F21BB03E251E128C00A64B34 /* UIDevice+Extensions.swift */; };
		F21BB048251E12B500A64B34 /* Log.swift in Sources */ = {isa = PBXBuildFile; fileRef = F21BB047251E12B500A64B34 /* Log.swift */; };
		F21BB04D251E12BB00A64B34 /* Taptic.swift in Sources */ = {isa = PBXBuildFile; fileRef = F21BB04C251E12BB00A64B34 /* Taptic.swift */; };
		F21BB052251E12CC00A64B34 /* Constants.swift in Sources */ = {isa = PBXBuildFile; fileRef = F21BB051251E12CC00A64B34 /* Constants.swift */; };
		F21BB067251E12EA00A64B34 /* PutWebServiceOperation.swift in Sources */ = {isa = PBXBuildFile; fileRef = F21BB057251E12E900A64B34 /* PutWebServiceOperation.swift */; };
		F21BB068251E12EA00A64B34 /* HeadWebServiceOperation.swift in Sources */ = {isa = PBXBuildFile; fileRef = F21BB058251E12E900A64B34 /* HeadWebServiceOperation.swift */; };
		F21BB069251E12EA00A64B34 /* NeoError.swift in Sources */ = {isa = PBXBuildFile; fileRef = F21BB059251E12E900A64B34 /* NeoError.swift */; };
		F21BB06A251E12EA00A64B34 /* HTTPHeaders.swift in Sources */ = {isa = PBXBuildFile; fileRef = F21BB05A251E12E900A64B34 /* HTTPHeaders.swift */; };
		F21BB06C251E12EA00A64B34 /* GetWebServiceOperation.swift in Sources */ = {isa = PBXBuildFile; fileRef = F21BB05C251E12E900A64B34 /* GetWebServiceOperation.swift */; };
		F21BB070251E12EA00A64B34 /* WebServiceOperation.swift in Sources */ = {isa = PBXBuildFile; fileRef = F21BB060251E12E900A64B34 /* WebServiceOperation.swift */; };
		F21BB072251E12EA00A64B34 /* PostWebServiceOperation.swift in Sources */ = {isa = PBXBuildFile; fileRef = F21BB062251E12E900A64B34 /* PostWebServiceOperation.swift */; };
		F21BB073251E12EA00A64B34 /* DeleteWebServiceOperation.swift in Sources */ = {isa = PBXBuildFile; fileRef = F21BB063251E12E900A64B34 /* DeleteWebServiceOperation.swift */; };
		F21BB074251E12EA00A64B34 /* AsyncOperation.swift in Sources */ = {isa = PBXBuildFile; fileRef = F21BB064251E12E900A64B34 /* AsyncOperation.swift */; };
		F21BB075251E12EA00A64B34 /* ApiConfiguration.swift in Sources */ = {isa = PBXBuildFile; fileRef = F21BB065251E12EA00A64B34 /* ApiConfiguration.swift */; };
		F21BB076251E12EA00A64B34 /* WebServiceManager.swift in Sources */ = {isa = PBXBuildFile; fileRef = F21BB066251E12EA00A64B34 /* WebServiceManager.swift */; };
		F24C1FD9251E22D300F582F0 /* TVShowViewModel.swift in Sources */ = {isa = PBXBuildFile; fileRef = F24C1FD8251E22D300F582F0 /* TVShowViewModel.swift */; };
		F24C1FE2251E237000F582F0 /* GradientView.swift in Sources */ = {isa = PBXBuildFile; fileRef = F24C1FE1251E237000F582F0 /* GradientView.swift */; };
		F24C1FEB251E2C8400F582F0 /* TVShowServiceManager.swift in Sources */ = {isa = PBXBuildFile; fileRef = F24C1FEA251E2C8400F582F0 /* TVShowServiceManager.swift */; };
		F24C1FF1251E2DDA00F582F0 /* TVShowsResponse.swift in Sources */ = {isa = PBXBuildFile; fileRef = F24C1FF0251E2DDA00F582F0 /* TVShowsResponse.swift */; };
		F24C1FFC251E2EEB00F582F0 /* APP.swift in Sources */ = {isa = PBXBuildFile; fileRef = F24C1FFB251E2EEB00F582F0 /* APP.swift */; };
		F282951D251E219300DA1140 /* TVShowCell.xib in Resources */ = {isa = PBXBuildFile; fileRef = F282951B251E219300DA1140 /* TVShowCell.xib */; };
		F282951E251E219300DA1140 /* TVShowCell.swift in Sources */ = {isa = PBXBuildFile; fileRef = F282951C251E219300DA1140 /* TVShowCell.swift */; };
		F2829526251E21BE00DA1140 /* Main.storyboard in Resources */ = {isa = PBXBuildFile; fileRef = F2829525251E21BE00DA1140 /* Main.storyboard */; };
		F282952F251E221200DA1140 /* DetailsViewController.swift in Sources */ = {isa = PBXBuildFile; fileRef = F282952D251E221200DA1140 /* DetailsViewController.swift */; };
		F2829530251E221200DA1140 /* Details.storyboard in Resources */ = {isa = PBXBuildFile; fileRef = F282952E251E221200DA1140 /* Details.storyboard */; };
		F2A74C9825234FFA0076B94A /* Person.storyboard in Resources */ = {isa = PBXBuildFile; fileRef = F2A74C9725234FFA0076B94A /* Person.storyboard */; };
		F2A74C9D2523501C0076B94A /* PersonViewController.swift in Sources */ = {isa = PBXBuildFile; fileRef = F2A74C9C2523501C0076B94A /* PersonViewController.swift */; };
		F2E3CF5E252217A5002C13B1 /* DetailsHeaderView.swift in Sources */ = {isa = PBXBuildFile; fileRef = F2E3CF5D252217A5002C13B1 /* DetailsHeaderView.swift */; };
		F2E3CF6325221919002C13B1 /* UIView+Layout.swift in Sources */ = {isa = PBXBuildFile; fileRef = F2E3CF6225221919002C13B1 /* UIView+Layout.swift */; };
		F2E3CF6B2522194E002C13B1 /* AnchoredConstraints.swift in Sources */ = {isa = PBXBuildFile; fileRef = F2E3CF6A2522194E002C13B1 /* AnchoredConstraints.swift */; };
		F2F95FC6251E1F9400A83700 /* FiraGO-Light.otf in Resources */ = {isa = PBXBuildFile; fileRef = F2F95FC3251E1F9400A83700 /* FiraGO-Light.otf */; };
		F2F95FC7251E1F9400A83700 /* FiraGO-Medium.otf in Resources */ = {isa = PBXBuildFile; fileRef = F2F95FC4251E1F9400A83700 /* FiraGO-Medium.otf */; };
		F2F95FC8251E1F9400A83700 /* FiraGO-Book.otf in Resources */ = {isa = PBXBuildFile; fileRef = F2F95FC5251E1F9400A83700 /* FiraGO-Book.otf */; };
/* End PBXBuildFile section */

/* Begin PBXContainerItemProxy section */
		F21BB015251E10D500A64B34 /* PBXContainerItemProxy */ = {
			isa = PBXContainerItemProxy;
			containerPortal = F21BAFF6251E10D300A64B34 /* Project object */;
			proxyType = 1;
			remoteGlobalIDString = F21BAFFD251E10D300A64B34;
			remoteInfo = "Movie DB";
		};
		F21BB020251E10D500A64B34 /* PBXContainerItemProxy */ = {
			isa = PBXContainerItemProxy;
			containerPortal = F21BAFF6251E10D300A64B34 /* Project object */;
			proxyType = 1;
			remoteGlobalIDString = F21BAFFD251E10D300A64B34;
			remoteInfo = "Movie DB";
		};
/* End PBXContainerItemProxy section */

/* Begin PBXFileReference section */
		B533916225208F38009C8500 /* RatingView.swift */ = {isa = PBXFileReference; lastKnownFileType = sourcecode.swift; path = RatingView.swift; sourceTree = "<group>"; };
		B53391692520A4F6009C8500 /* MambaSearchField.swift */ = {isa = PBXFileReference; lastKnownFileType = sourcecode.swift; path = MambaSearchField.swift; sourceTree = "<group>"; };
		B533B798251E59DB0030E640 /* UINavigationBar+Extensions.swift */ = {isa = PBXFileReference; lastKnownFileType = sourcecode.swift; path = "UINavigationBar+Extensions.swift"; sourceTree = "<group>"; };
		B533B7A0251E5A220030E640 /* Array+Extension.swift */ = {isa = PBXFileReference; lastKnownFileType = sourcecode.swift; path = "Array+Extension.swift"; sourceTree = "<group>"; };
		B533B7A5251E5A4F0030E640 /* UIView+Extension.swift */ = {isa = PBXFileReference; lastKnownFileType = sourcecode.swift; path = "UIView+Extension.swift"; sourceTree = "<group>"; };
		B5474F3E2520D49700A5979B /* Splash.storyboard */ = {isa = PBXFileReference; lastKnownFileType = file.storyboard; path = Splash.storyboard; sourceTree = "<group>"; };
		B5474F442520D4C900A5979B /* SplashViewController.swift */ = {isa = PBXFileReference; lastKnownFileType = sourcecode.swift; path = SplashViewController.swift; sourceTree = "<group>"; };
		B54A74182520E601005C0067 /* UIStackView+Extensions.swift */ = {isa = PBXFileReference; lastKnownFileType = sourcecode.swift; path = "UIStackView+Extensions.swift"; sourceTree = "<group>"; };
		B575D81E251E6D170015216C /* NEOImageView.swift */ = {isa = PBXFileReference; lastKnownFileType = sourcecode.swift; path = NEOImageView.swift; sourceTree = "<group>"; };
		B575D823251E6D540015216C /* DiscardableImageCacheItem.swift */ = {isa = PBXFileReference; lastKnownFileType = sourcecode.swift; path = DiscardableImageCacheItem.swift; sourceTree = "<group>"; };
		B57D3A14252086D600477166 /* FilterSheet.xib */ = {isa = PBXFileReference; lastKnownFileType = file.xib; path = FilterSheet.xib; sourceTree = "<group>"; };
		B57D3A19252086ED00477166 /* FilterSheet.swift */ = {isa = PBXFileReference; lastKnownFileType = sourcecode.swift; path = FilterSheet.swift; sourceTree = "<group>"; };
		B5812484251F551E00778496 /* UIFont+Extension.swift */ = {isa = PBXFileReference; lastKnownFileType = sourcecode.swift; path = "UIFont+Extension.swift"; sourceTree = "<group>"; };
		B581248E251F608A00778496 /* SimilarShows.storyboard */ = {isa = PBXFileReference; lastKnownFileType = file.storyboard; path = SimilarShows.storyboard; sourceTree = "<group>"; };
		B5812494251F617600778496 /* SimilarShowsViewController.swift */ = {isa = PBXFileReference; lastKnownFileType = sourcecode.swift; path = SimilarShowsViewController.swift; sourceTree = "<group>"; };
		B58A3B8F251F876F00AC6319 /* TVShowsViewModel.swift */ = {isa = PBXFileReference; lastKnownFileType = sourcecode.swift; path = TVShowsViewModel.swift; sourceTree = "<group>"; };
		B594202225239B1600358C20 /* Person.swift */ = {isa = PBXFileReference; lastKnownFileType = sourcecode.swift; path = Person.swift; sourceTree = "<group>"; };
		B594202725239B6700358C20 /* PersonServiceManager.swift */ = {isa = PBXFileReference; lastKnownFileType = sourcecode.swift; path = PersonServiceManager.swift; sourceTree = "<group>"; };
		B594202C25239DBC00358C20 /* PersonPageViewModel.swift */ = {isa = PBXFileReference; lastKnownFileType = sourcecode.swift; path = PersonPageViewModel.swift; sourceTree = "<group>"; };
		B5993AF0252262AA00E312A9 /* CastResponse.swift */ = {isa = PBXFileReference; lastKnownFileType = sourcecode.swift; path = CastResponse.swift; sourceTree = "<group>"; };
		B5993AF72522659400E312A9 /* Cast.storyboard */ = {isa = PBXFileReference; lastKnownFileType = file.storyboard; path = Cast.storyboard; sourceTree = "<group>"; };
		B5993AFC252265B000E312A9 /* CastViewController.swift */ = {isa = PBXFileReference; lastKnownFileType = sourcecode.swift; path = CastViewController.swift; sourceTree = "<group>"; };
		B5993B022522662500E312A9 /* CastCell.swift */ = {isa = PBXFileReference; lastKnownFileType = sourcecode.swift; path = CastCell.swift; sourceTree = "<group>"; };
		B5993B032522662500E312A9 /* CastCell.xib */ = {isa = PBXFileReference; lastKnownFileType = file.xib; path = CastCell.xib; sourceTree = "<group>"; };
		B5993B1025226AC200E312A9 /* CastViewModel.swift */ = {isa = PBXFileReference; lastKnownFileType = sourcecode.swift; path = CastViewModel.swift; sourceTree = "<group>"; };
		B5E25140251F0F7D0033973D /* BaseViewController.swift */ = {isa = PBXFileReference; lastKnownFileType = sourcecode.swift; path = BaseViewController.swift; sourceTree = "<group>"; };
		B5E2514C251F11CA0033973D /* Coordinator.swift */ = {isa = PBXFileReference; lastKnownFileType = sourcecode.swift; path = Coordinator.swift; sourceTree = "<group>"; };
		B5E25154251F12030033973D /* AppCoordinator.swift */ = {isa = PBXFileReference; lastKnownFileType = sourcecode.swift; path = AppCoordinator.swift; sourceTree = "<group>"; };
		B5E25159251F12AC0033973D /* AppStoryboard.swift */ = {isa = PBXFileReference; lastKnownFileType = sourcecode.swift; path = AppStoryboard.swift; sourceTree = "<group>"; };
		B5E2515E251F13150033973D /* Storyboard+Extension.swift */ = {isa = PBXFileReference; lastKnownFileType = sourcecode.swift; path = "Storyboard+Extension.swift"; sourceTree = "<group>"; };
		B5E25163251F148B0033973D /* UIViewController+Extension.swift */ = {isa = PBXFileReference; lastKnownFileType = sourcecode.swift; path = "UIViewController+Extension.swift"; sourceTree = "<group>"; };
		F21120B12523638600FDE779 /* PersonViewModel.swift */ = {isa = PBXFileReference; lastKnownFileType = sourcecode.swift; path = PersonViewModel.swift; sourceTree = "<group>"; };
		F21BAFFE251E10D300A64B34 /* Mamba.app */ = {isa = PBXFileReference; explicitFileType = wrapper.application; includeInIndex = 0; path = Mamba.app; sourceTree = BUILT_PRODUCTS_DIR; };
		F21BB001251E10D300A64B34 /* AppDelegate.swift */ = {isa = PBXFileReference; lastKnownFileType = sourcecode.swift; path = AppDelegate.swift; sourceTree = "<group>"; };
		F21BB003251E10D300A64B34 /* SceneDelegate.swift */ = {isa = PBXFileReference; lastKnownFileType = sourcecode.swift; path = SceneDelegate.swift; sourceTree = "<group>"; };
		F21BB005251E10D300A64B34 /* MainViewController.swift */ = {isa = PBXFileReference; lastKnownFileType = sourcecode.swift; path = MainViewController.swift; sourceTree = "<group>"; };
		F21BB00A251E10D500A64B34 /* Assets.xcassets */ = {isa = PBXFileReference; lastKnownFileType = folder.assetcatalog; path = Assets.xcassets; sourceTree = "<group>"; };
		F21BB00D251E10D500A64B34 /* Base */ = {isa = PBXFileReference; lastKnownFileType = file.storyboard; name = Base; path = Base.lproj/LaunchScreen.storyboard; sourceTree = "<group>"; };
		F21BB00F251E10D500A64B34 /* Info.plist */ = {isa = PBXFileReference; lastKnownFileType = text.plist.xml; path = Info.plist; sourceTree = "<group>"; };
		F21BB014251E10D500A64B34 /* MambaTests.xctest */ = {isa = PBXFileReference; explicitFileType = wrapper.cfbundle; includeInIndex = 0; path = MambaTests.xctest; sourceTree = BUILT_PRODUCTS_DIR; };
		F21BB018251E10D500A64B34 /* Movie_DBTests.swift */ = {isa = PBXFileReference; lastKnownFileType = sourcecode.swift; path = Movie_DBTests.swift; sourceTree = "<group>"; };
		F21BB01A251E10D500A64B34 /* Info.plist */ = {isa = PBXFileReference; lastKnownFileType = text.plist.xml; path = Info.plist; sourceTree = "<group>"; };
		F21BB01F251E10D500A64B34 /* MambaUITests.xctest */ = {isa = PBXFileReference; explicitFileType = wrapper.cfbundle; includeInIndex = 0; path = MambaUITests.xctest; sourceTree = BUILT_PRODUCTS_DIR; };
		F21BB023251E10D500A64B34 /* Movie_DBUITests.swift */ = {isa = PBXFileReference; lastKnownFileType = sourcecode.swift; path = Movie_DBUITests.swift; sourceTree = "<group>"; };
		F21BB025251E10D500A64B34 /* Info.plist */ = {isa = PBXFileReference; lastKnownFileType = text.plist.xml; path = Info.plist; sourceTree = "<group>"; };
		F21BB03B251E128C00A64B34 /* UIColor+Extension.swift */ = {isa = PBXFileReference; fileEncoding = 4; lastKnownFileType = sourcecode.swift; path = "UIColor+Extension.swift"; sourceTree = "<group>"; };
		F21BB03C251E128C00A64B34 /* UICollectionView+Extension.swift */ = {isa = PBXFileReference; fileEncoding = 4; lastKnownFileType = sourcecode.swift; path = "UICollectionView+Extension.swift"; sourceTree = "<group>"; };
		F21BB03D251E128C00A64B34 /* UICollectionViewCell+Extension.swift */ = {isa = PBXFileReference; fileEncoding = 4; lastKnownFileType = sourcecode.swift; path = "UICollectionViewCell+Extension.swift"; sourceTree = "<group>"; };
		F21BB03E251E128C00A64B34 /* UIDevice+Extensions.swift */ = {isa = PBXFileReference; fileEncoding = 4; lastKnownFileType = sourcecode.swift; path = "UIDevice+Extensions.swift"; sourceTree = "<group>"; };
		F21BB047251E12B500A64B34 /* Log.swift */ = {isa = PBXFileReference; fileEncoding = 4; lastKnownFileType = sourcecode.swift; path = Log.swift; sourceTree = "<group>"; };
		F21BB04C251E12BB00A64B34 /* Taptic.swift */ = {isa = PBXFileReference; fileEncoding = 4; lastKnownFileType = sourcecode.swift; path = Taptic.swift; sourceTree = "<group>"; };
		F21BB051251E12CC00A64B34 /* Constants.swift */ = {isa = PBXFileReference; fileEncoding = 4; lastKnownFileType = sourcecode.swift; path = Constants.swift; sourceTree = "<group>"; };
		F21BB057251E12E900A64B34 /* PutWebServiceOperation.swift */ = {isa = PBXFileReference; fileEncoding = 4; lastKnownFileType = sourcecode.swift; path = PutWebServiceOperation.swift; sourceTree = "<group>"; };
		F21BB058251E12E900A64B34 /* HeadWebServiceOperation.swift */ = {isa = PBXFileReference; fileEncoding = 4; lastKnownFileType = sourcecode.swift; path = HeadWebServiceOperation.swift; sourceTree = "<group>"; };
		F21BB059251E12E900A64B34 /* NeoError.swift */ = {isa = PBXFileReference; fileEncoding = 4; lastKnownFileType = sourcecode.swift; path = NeoError.swift; sourceTree = "<group>"; };
		F21BB05A251E12E900A64B34 /* HTTPHeaders.swift */ = {isa = PBXFileReference; fileEncoding = 4; lastKnownFileType = sourcecode.swift; path = HTTPHeaders.swift; sourceTree = "<group>"; };
		F21BB05C251E12E900A64B34 /* GetWebServiceOperation.swift */ = {isa = PBXFileReference; fileEncoding = 4; lastKnownFileType = sourcecode.swift; path = GetWebServiceOperation.swift; sourceTree = "<group>"; };
		F21BB060251E12E900A64B34 /* WebServiceOperation.swift */ = {isa = PBXFileReference; fileEncoding = 4; lastKnownFileType = sourcecode.swift; path = WebServiceOperation.swift; sourceTree = "<group>"; };
		F21BB062251E12E900A64B34 /* PostWebServiceOperation.swift */ = {isa = PBXFileReference; fileEncoding = 4; lastKnownFileType = sourcecode.swift; path = PostWebServiceOperation.swift; sourceTree = "<group>"; };
		F21BB063251E12E900A64B34 /* DeleteWebServiceOperation.swift */ = {isa = PBXFileReference; fileEncoding = 4; lastKnownFileType = sourcecode.swift; path = DeleteWebServiceOperation.swift; sourceTree = "<group>"; };
		F21BB064251E12E900A64B34 /* AsyncOperation.swift */ = {isa = PBXFileReference; fileEncoding = 4; lastKnownFileType = sourcecode.swift; path = AsyncOperation.swift; sourceTree = "<group>"; };
		F21BB065251E12EA00A64B34 /* ApiConfiguration.swift */ = {isa = PBXFileReference; fileEncoding = 4; lastKnownFileType = sourcecode.swift; path = ApiConfiguration.swift; sourceTree = "<group>"; };
		F21BB066251E12EA00A64B34 /* WebServiceManager.swift */ = {isa = PBXFileReference; fileEncoding = 4; lastKnownFileType = sourcecode.swift; path = WebServiceManager.swift; sourceTree = "<group>"; };
		F24C1FD8251E22D300F582F0 /* TVShowViewModel.swift */ = {isa = PBXFileReference; lastKnownFileType = sourcecode.swift; path = TVShowViewModel.swift; sourceTree = "<group>"; };
		F24C1FE1251E237000F582F0 /* GradientView.swift */ = {isa = PBXFileReference; lastKnownFileType = sourcecode.swift; path = GradientView.swift; sourceTree = "<group>"; };
		F24C1FEA251E2C8400F582F0 /* TVShowServiceManager.swift */ = {isa = PBXFileReference; lastKnownFileType = sourcecode.swift; path = TVShowServiceManager.swift; sourceTree = "<group>"; };
		F24C1FF0251E2DDA00F582F0 /* TVShowsResponse.swift */ = {isa = PBXFileReference; lastKnownFileType = sourcecode.swift; path = TVShowsResponse.swift; sourceTree = "<group>"; };
		F24C1FFB251E2EEB00F582F0 /* APP.swift */ = {isa = PBXFileReference; lastKnownFileType = sourcecode.swift; path = APP.swift; sourceTree = "<group>"; };
		F282951B251E219300DA1140 /* TVShowCell.xib */ = {isa = PBXFileReference; fileEncoding = 4; lastKnownFileType = file.xib; path = TVShowCell.xib; sourceTree = "<group>"; };
		F282951C251E219300DA1140 /* TVShowCell.swift */ = {isa = PBXFileReference; fileEncoding = 4; lastKnownFileType = sourcecode.swift; path = TVShowCell.swift; sourceTree = "<group>"; };
		F2829525251E21BE00DA1140 /* Main.storyboard */ = {isa = PBXFileReference; fileEncoding = 4; lastKnownFileType = file.storyboard; path = Main.storyboard; sourceTree = "<group>"; };
		F282952D251E221200DA1140 /* DetailsViewController.swift */ = {isa = PBXFileReference; fileEncoding = 4; lastKnownFileType = sourcecode.swift; path = DetailsViewController.swift; sourceTree = "<group>"; };
		F282952E251E221200DA1140 /* Details.storyboard */ = {isa = PBXFileReference; fileEncoding = 4; lastKnownFileType = file.storyboard; path = Details.storyboard; sourceTree = "<group>"; };
		F2A74C9725234FFA0076B94A /* Person.storyboard */ = {isa = PBXFileReference; lastKnownFileType = file.storyboard; path = Person.storyboard; sourceTree = "<group>"; };
		F2A74C9C2523501C0076B94A /* PersonViewController.swift */ = {isa = PBXFileReference; lastKnownFileType = sourcecode.swift; path = PersonViewController.swift; sourceTree = "<group>"; };
		F2E3CF5D252217A5002C13B1 /* DetailsHeaderView.swift */ = {isa = PBXFileReference; lastKnownFileType = sourcecode.swift; path = DetailsHeaderView.swift; sourceTree = "<group>"; };
		F2E3CF6225221919002C13B1 /* UIView+Layout.swift */ = {isa = PBXFileReference; lastKnownFileType = sourcecode.swift; path = "UIView+Layout.swift"; sourceTree = "<group>"; };
		F2E3CF6A2522194E002C13B1 /* AnchoredConstraints.swift */ = {isa = PBXFileReference; lastKnownFileType = sourcecode.swift; path = AnchoredConstraints.swift; sourceTree = "<group>"; };
		F2F95FC3251E1F9400A83700 /* FiraGO-Light.otf */ = {isa = PBXFileReference; lastKnownFileType = file; path = "FiraGO-Light.otf"; sourceTree = "<group>"; };
		F2F95FC4251E1F9400A83700 /* FiraGO-Medium.otf */ = {isa = PBXFileReference; lastKnownFileType = file; path = "FiraGO-Medium.otf"; sourceTree = "<group>"; };
		F2F95FC5251E1F9400A83700 /* FiraGO-Book.otf */ = {isa = PBXFileReference; lastKnownFileType = file; path = "FiraGO-Book.otf"; sourceTree = "<group>"; };
/* End PBXFileReference section */

/* Begin PBXFrameworksBuildPhase section */
		F21BAFFB251E10D300A64B34 /* Frameworks */ = {
			isa = PBXFrameworksBuildPhase;
			buildActionMask = 2147483647;
			files = (
			);
			runOnlyForDeploymentPostprocessing = 0;
		};
		F21BB011251E10D500A64B34 /* Frameworks */ = {
			isa = PBXFrameworksBuildPhase;
			buildActionMask = 2147483647;
			files = (
			);
			runOnlyForDeploymentPostprocessing = 0;
		};
		F21BB01C251E10D500A64B34 /* Frameworks */ = {
			isa = PBXFrameworksBuildPhase;
			buildActionMask = 2147483647;
			files = (
			);
			runOnlyForDeploymentPostprocessing = 0;
		};
/* End PBXFrameworksBuildPhase section */

/* Begin PBXGroup section */
		B533915925208F1C009C8500 /* RatingView */ = {
			isa = PBXGroup;
			children = (
				B533916225208F38009C8500 /* RatingView.swift */,
			);
			path = RatingView;
			sourceTree = "<group>";
		};
		B5474F3D2520D48A00A5979B /* SplashScene */ = {
			isa = PBXGroup;
			children = (
				B5474F432520D4B900A5979B /* View */,
				B5474F442520D4C900A5979B /* SplashViewController.swift */,
			);
			path = SplashScene;
			sourceTree = "<group>";
		};
		B5474F432520D4B900A5979B /* View */ = {
			isa = PBXGroup;
			children = (
				B5474F3E2520D49700A5979B /* Splash.storyboard */,
			);
			path = View;
			sourceTree = "<group>";
		};
		B57D3A13252086BD00477166 /* FilterSheet */ = {
			isa = PBXGroup;
			children = (
				B57D3A14252086D600477166 /* FilterSheet.xib */,
				B57D3A19252086ED00477166 /* FilterSheet.swift */,
			);
			path = FilterSheet;
			sourceTree = "<group>";
		};
		B581248C251F607700778496 /* SimilarShowsScene */ = {
			isa = PBXGroup;
			children = (
				B581248D251F608200778496 /* View */,
			);
			path = SimilarShowsScene;
			sourceTree = "<group>";
		};
		B581248D251F608200778496 /* View */ = {
			isa = PBXGroup;
			children = (
				B581248E251F608A00778496 /* SimilarShows.storyboard */,
				B5812494251F617600778496 /* SimilarShowsViewController.swift */,
			);
			path = View;
			sourceTree = "<group>";
		};
		B5993AF52522658600E312A9 /* CastScene */ = {
			isa = PBXGroup;
			children = (
				B5993AF62522658E00E312A9 /* View */,
				B5993B0C25226A9000E312A9 /* ViewModel */,
				B5993AFC252265B000E312A9 /* CastViewController.swift */,
			);
			path = CastScene;
			sourceTree = "<group>";
		};
		B5993AF62522658E00E312A9 /* View */ = {
			isa = PBXGroup;
			children = (
				B5993B01252265F600E312A9 /* Cell */,
				B5993AF72522659400E312A9 /* Cast.storyboard */,
			);
			path = View;
			sourceTree = "<group>";
		};
		B5993B01252265F600E312A9 /* Cell */ = {
			isa = PBXGroup;
			children = (
				B5993B022522662500E312A9 /* CastCell.swift */,
				B5993B032522662500E312A9 /* CastCell.xib */,
			);
			path = Cell;
			sourceTree = "<group>";
		};
		B5993B0C25226A9000E312A9 /* ViewModel */ = {
			isa = PBXGroup;
			children = (
				B5993B1025226AC200E312A9 /* CastViewModel.swift */,
			);
			path = ViewModel;
			sourceTree = "<group>";
		};
		B5E2513F251F0F6C0033973D /* Base */ = {
			isa = PBXGroup;
			children = (
				B5E25140251F0F7D0033973D /* BaseViewController.swift */,
			);
			path = Base;
			sourceTree = "<group>";
		};
		B5E2514B251F11BD0033973D /* Coordinator */ = {
			isa = PBXGroup;
			children = (
				B5E2514C251F11CA0033973D /* Coordinator.swift */,
				B5E25154251F12030033973D /* AppCoordinator.swift */,
				B5E25159251F12AC0033973D /* AppStoryboard.swift */,
			);
			path = Coordinator;
			sourceTree = "<group>";
		};
		F21120B02523637F00FDE779 /* ViewModel */ = {
			isa = PBXGroup;
			children = (
				F21120B12523638600FDE779 /* PersonViewModel.swift */,
				B594202C25239DBC00358C20 /* PersonPageViewModel.swift */,
			);
			path = ViewModel;
			sourceTree = "<group>";
		};
		F21BAFF5251E10D300A64B34 = {
			isa = PBXGroup;
			children = (
				F21BB000251E10D300A64B34 /* Mamba */,
				F21BB017251E10D500A64B34 /* MambaTests */,
				F21BB022251E10D500A64B34 /* MambaUITests */,
				F21BAFFF251E10D300A64B34 /* Products */,
			);
			sourceTree = "<group>";
		};
		F21BAFFF251E10D300A64B34 /* Products */ = {
			isa = PBXGroup;
			children = (
				F21BAFFE251E10D300A64B34 /* Mamba.app */,
				F21BB014251E10D500A64B34 /* MambaTests.xctest */,
				F21BB01F251E10D500A64B34 /* MambaUITests.xctest */,
			);
			name = Products;
			sourceTree = "<group>";
		};
		F21BB000251E10D300A64B34 /* Mamba */ = {
			isa = PBXGroup;
			children = (
				F21BB08D251E159C00A64B34 /* App */,
				F24C1FE9251E2C6F00F582F0 /* API */,
				F24C1FEF251E2CA400F582F0 /* Domain */,
				F21BB08E251E15AE00A64B34 /* Resources */,
				B5E2514B251F11BD0033973D /* Coordinator */,
				F21BB039251E123100A64B34 /* Infrastructure */,
				F2F95FCD251E214400A83700 /* Presentation */,
				F21BB08C251E159300A64B34 /* Supporting Files */,
			);
			path = Mamba;
			sourceTree = "<group>";
		};
		F21BB017251E10D500A64B34 /* MambaTests */ = {
			isa = PBXGroup;
			children = (
				F21BB018251E10D500A64B34 /* Movie_DBTests.swift */,
				F21BB01A251E10D500A64B34 /* Info.plist */,
			);
			path = MambaTests;
			sourceTree = "<group>";
		};
		F21BB022251E10D500A64B34 /* MambaUITests */ = {
			isa = PBXGroup;
			children = (
				F21BB023251E10D500A64B34 /* Movie_DBUITests.swift */,
				F21BB025251E10D500A64B34 /* Info.plist */,
			);
			path = MambaUITests;
			sourceTree = "<group>";
		};
		F21BB039251E123100A64B34 /* Infrastructure */ = {
			isa = PBXGroup;
			children = (
				F21BB056251E12DF00A64B34 /* Network */,
				F21BB046251E12AF00A64B34 /* Utility */,
				F21BB03A251E128500A64B34 /* Extensions */,
			);
			path = Infrastructure;
			sourceTree = "<group>";
		};
		F21BB03A251E128500A64B34 /* Extensions */ = {
			isa = PBXGroup;
			children = (
				F21BB03C251E128C00A64B34 /* UICollectionView+Extension.swift */,
				F21BB03D251E128C00A64B34 /* UICollectionViewCell+Extension.swift */,
				F21BB03B251E128C00A64B34 /* UIColor+Extension.swift */,
				F21BB03E251E128C00A64B34 /* UIDevice+Extensions.swift */,
				B533B798251E59DB0030E640 /* UINavigationBar+Extensions.swift */,
				B533B7A0251E5A220030E640 /* Array+Extension.swift */,
				B533B7A5251E5A4F0030E640 /* UIView+Extension.swift */,
				B5E2515E251F13150033973D /* Storyboard+Extension.swift */,
				B5E25163251F148B0033973D /* UIViewController+Extension.swift */,
				B5812484251F551E00778496 /* UIFont+Extension.swift */,
				B54A74182520E601005C0067 /* UIStackView+Extensions.swift */,
				F2E3CF6225221919002C13B1 /* UIView+Layout.swift */,
			);
			path = Extensions;
			sourceTree = "<group>";
		};
		F21BB046251E12AF00A64B34 /* Utility */ = {
			isa = PBXGroup;
			children = (
				F21BB047251E12B500A64B34 /* Log.swift */,
				F21BB04C251E12BB00A64B34 /* Taptic.swift */,
				F21BB051251E12CC00A64B34 /* Constants.swift */,
				F2E3CF6A2522194E002C13B1 /* AnchoredConstraints.swift */,
			);
			path = Utility;
			sourceTree = "<group>";
		};
		F21BB056251E12DF00A64B34 /* Network */ = {
			isa = PBXGroup;
			children = (
				F21BB065251E12EA00A64B34 /* ApiConfiguration.swift */,
				F21BB064251E12E900A64B34 /* AsyncOperation.swift */,
				F21BB063251E12E900A64B34 /* DeleteWebServiceOperation.swift */,
				F21BB05C251E12E900A64B34 /* GetWebServiceOperation.swift */,
				F21BB058251E12E900A64B34 /* HeadWebServiceOperation.swift */,
				F21BB05A251E12E900A64B34 /* HTTPHeaders.swift */,
				F21BB059251E12E900A64B34 /* NeoError.swift */,
				F21BB062251E12E900A64B34 /* PostWebServiceOperation.swift */,
				F21BB057251E12E900A64B34 /* PutWebServiceOperation.swift */,
				F21BB066251E12EA00A64B34 /* WebServiceManager.swift */,
				F21BB060251E12E900A64B34 /* WebServiceOperation.swift */,
			);
			path = Network;
			sourceTree = "<group>";
		};
		F21BB08C251E159300A64B34 /* Supporting Files */ = {
			isa = PBXGroup;
			children = (
				F21BB00C251E10D500A64B34 /* LaunchScreen.storyboard */,
				F21BB00F251E10D500A64B34 /* Info.plist */,
			);
			path = "Supporting Files";
			sourceTree = "<group>";
		};
		F21BB08D251E159C00A64B34 /* App */ = {
			isa = PBXGroup;
			children = (
				F24C1FFB251E2EEB00F582F0 /* APP.swift */,
				F21BB001251E10D300A64B34 /* AppDelegate.swift */,
				F21BB003251E10D300A64B34 /* SceneDelegate.swift */,
			);
			path = App;
			sourceTree = "<group>";
		};
		F21BB08E251E15AE00A64B34 /* Resources */ = {
			isa = PBXGroup;
			children = (
				F21BB00A251E10D500A64B34 /* Assets.xcassets */,
				F2F95FBF251E1F6400A83700 /* Fonts */,
			);
			path = Resources;
			sourceTree = "<group>";
		};
		F24C1FD7251E22CB00F582F0 /* ViewModel */ = {
			isa = PBXGroup;
			children = (
				F24C1FD8251E22D300F582F0 /* TVShowViewModel.swift */,
				B58A3B8F251F876F00AC6319 /* TVShowsViewModel.swift */,
			);
			path = ViewModel;
			sourceTree = "<group>";
		};
		F24C1FE0251E236600F582F0 /* Reusables */ = {
			isa = PBXGroup;
			children = (
				B533915925208F1C009C8500 /* RatingView */,
				B57D3A13252086BD00477166 /* FilterSheet */,
				F24C1FE1251E237000F582F0 /* GradientView.swift */,
				B575D81E251E6D170015216C /* NEOImageView.swift */,
				B575D823251E6D540015216C /* DiscardableImageCacheItem.swift */,
				B53391692520A4F6009C8500 /* MambaSearchField.swift */,
				F2E3CF5D252217A5002C13B1 /* DetailsHeaderView.swift */,
			);
			path = Reusables;
			sourceTree = "<group>";
		};
		F24C1FE9251E2C6F00F582F0 /* API */ = {
			isa = PBXGroup;
			children = (
				F24C1FEA251E2C8400F582F0 /* TVShowServiceManager.swift */,
				B594202725239B6700358C20 /* PersonServiceManager.swift */,
			);
			path = API;
			sourceTree = "<group>";
		};
		F24C1FEF251E2CA400F582F0 /* Domain */ = {
			isa = PBXGroup;
			children = (
				F24C1FF0251E2DDA00F582F0 /* TVShowsResponse.swift */,
				B5993AF0252262AA00E312A9 /* CastResponse.swift */,
				B594202225239B1600358C20 /* Person.swift */,
			);
			path = Domain;
			sourceTree = "<group>";
		};
		F282951A251E218D00DA1140 /* Cell */ = {
			isa = PBXGroup;
			children = (
				F282951C251E219300DA1140 /* TVShowCell.swift */,
				F282951B251E219300DA1140 /* TVShowCell.xib */,
			);
			path = Cell;
			sourceTree = "<group>";
		};
		F282952A251E21C900DA1140 /* MainScene */ = {
			isa = PBXGroup;
			children = (
				F2F95FCE251E216600A83700 /* View */,
				F24C1FD7251E22CB00F582F0 /* ViewModel */,
			);
			path = MainScene;
			sourceTree = "<group>";
		};
		F282952B251E21FB00DA1140 /* DetailsScene */ = {
			isa = PBXGroup;
			children = (
				F282952C251E220000DA1140 /* View */,
			);
			path = DetailsScene;
			sourceTree = "<group>";
		};
		F282952C251E220000DA1140 /* View */ = {
			isa = PBXGroup;
			children = (
				F282952E251E221200DA1140 /* Details.storyboard */,
				F282952D251E221200DA1140 /* DetailsViewController.swift */,
			);
			path = View;
			sourceTree = "<group>";
		};
		F2A74C9525234FE30076B94A /* PersonPage */ = {
			isa = PBXGroup;
			children = (
				F2A74C9625234FF40076B94A /* View */,
				F21120B02523637F00FDE779 /* ViewModel */,
				F2A74CA1252350230076B94A /* Controller */,
			);
			path = PersonPage;
			sourceTree = "<group>";
		};
		F2A74C9625234FF40076B94A /* View */ = {
			isa = PBXGroup;
			children = (
				F2A74C9725234FFA0076B94A /* Person.storyboard */,
			);
			path = View;
			sourceTree = "<group>";
		};
		F2A74CA1252350230076B94A /* Controller */ = {
			isa = PBXGroup;
			children = (
				F2A74C9C2523501C0076B94A /* PersonViewController.swift */,
			);
			path = Controller;
			sourceTree = "<group>";
		};
		F2F95FBF251E1F6400A83700 /* Fonts */ = {
			isa = PBXGroup;
			children = (
				F2F95FC5251E1F9400A83700 /* FiraGO-Book.otf */,
				F2F95FC3251E1F9400A83700 /* FiraGO-Light.otf */,
				F2F95FC4251E1F9400A83700 /* FiraGO-Medium.otf */,
			);
			path = Fonts;
			sourceTree = "<group>";
		};
		F2F95FCD251E214400A83700 /* Presentation */ = {
			isa = PBXGroup;
			children = (
				B5E2513F251F0F6C0033973D /* Base */,
				F24C1FE0251E236600F582F0 /* Reusables */,
				B5474F3D2520D48A00A5979B /* SplashScene */,
				F282952A251E21C900DA1140 /* MainScene */,
				F282952B251E21FB00DA1140 /* DetailsScene */,
				B5993AF52522658600E312A9 /* CastScene */,
				B581248C251F607700778496 /* SimilarShowsScene */,
				F2A74C9525234FE30076B94A /* PersonPage */,
			);
			path = Presentation;
			sourceTree = "<group>";
		};
		F2F95FCE251E216600A83700 /* View */ = {
			isa = PBXGroup;
			children = (
				F282951A251E218D00DA1140 /* Cell */,
				F2829525251E21BE00DA1140 /* Main.storyboard */,
				F21BB005251E10D300A64B34 /* MainViewController.swift */,
			);
			path = View;
			sourceTree = "<group>";
		};
/* End PBXGroup section */

/* Begin PBXNativeTarget section */
		F21BAFFD251E10D300A64B34 /* Mamba */ = {
			isa = PBXNativeTarget;
			buildConfigurationList = F21BB028251E10D500A64B34 /* Build configuration list for PBXNativeTarget "Mamba" */;
			buildPhases = (
				F21BAFFA251E10D300A64B34 /* Sources */,
				F21BAFFB251E10D300A64B34 /* Frameworks */,
				F21BAFFC251E10D300A64B34 /* Resources */,
			);
			buildRules = (
			);
			dependencies = (
			);
			name = Mamba;
			productName = "Movie DB";
			productReference = F21BAFFE251E10D300A64B34 /* Mamba.app */;
			productType = "com.apple.product-type.application";
		};
		F21BB013251E10D500A64B34 /* MambaTests */ = {
			isa = PBXNativeTarget;
			buildConfigurationList = F21BB02B251E10D500A64B34 /* Build configuration list for PBXNativeTarget "MambaTests" */;
			buildPhases = (
				F21BB010251E10D500A64B34 /* Sources */,
				F21BB011251E10D500A64B34 /* Frameworks */,
				F21BB012251E10D500A64B34 /* Resources */,
			);
			buildRules = (
			);
			dependencies = (
				F21BB016251E10D500A64B34 /* PBXTargetDependency */,
			);
			name = MambaTests;
			productName = "Movie DBTests";
			productReference = F21BB014251E10D500A64B34 /* MambaTests.xctest */;
			productType = "com.apple.product-type.bundle.unit-test";
		};
		F21BB01E251E10D500A64B34 /* MambaUITests */ = {
			isa = PBXNativeTarget;
			buildConfigurationList = F21BB02E251E10D500A64B34 /* Build configuration list for PBXNativeTarget "MambaUITests" */;
			buildPhases = (
				F21BB01B251E10D500A64B34 /* Sources */,
				F21BB01C251E10D500A64B34 /* Frameworks */,
				F21BB01D251E10D500A64B34 /* Resources */,
			);
			buildRules = (
			);
			dependencies = (
				F21BB021251E10D500A64B34 /* PBXTargetDependency */,
			);
			name = MambaUITests;
			productName = "Movie DBUITests";
			productReference = F21BB01F251E10D500A64B34 /* MambaUITests.xctest */;
			productType = "com.apple.product-type.bundle.ui-testing";
		};
/* End PBXNativeTarget section */

/* Begin PBXProject section */
		F21BAFF6251E10D300A64B34 /* Project object */ = {
			isa = PBXProject;
			attributes = {
				LastSwiftUpdateCheck = 1200;
				LastUpgradeCheck = 1200;
				TargetAttributes = {
					F21BAFFD251E10D300A64B34 = {
						CreatedOnToolsVersion = 12.0;
					};
					F21BB013251E10D500A64B34 = {
						CreatedOnToolsVersion = 12.0;
						TestTargetID = F21BAFFD251E10D300A64B34;
					};
					F21BB01E251E10D500A64B34 = {
						CreatedOnToolsVersion = 12.0;
						TestTargetID = F21BAFFD251E10D300A64B34;
					};
				};
			};
			buildConfigurationList = F21BAFF9251E10D300A64B34 /* Build configuration list for PBXProject "Mamba" */;
			compatibilityVersion = "Xcode 9.3";
			developmentRegion = en;
			hasScannedForEncodings = 0;
			knownRegions = (
				en,
				Base,
			);
			mainGroup = F21BAFF5251E10D300A64B34;
			productRefGroup = F21BAFFF251E10D300A64B34 /* Products */;
			projectDirPath = "";
			projectRoot = "";
			targets = (
				F21BAFFD251E10D300A64B34 /* Mamba */,
				F21BB013251E10D500A64B34 /* MambaTests */,
				F21BB01E251E10D500A64B34 /* MambaUITests */,
			);
		};
/* End PBXProject section */

/* Begin PBXResourcesBuildPhase section */
		F21BAFFC251E10D300A64B34 /* Resources */ = {
			isa = PBXResourcesBuildPhase;
			buildActionMask = 2147483647;
			files = (
				F2829526251E21BE00DA1140 /* Main.storyboard in Resources */,
				F2F95FC8251E1F9400A83700 /* FiraGO-Book.otf in Resources */,
				F2F95FC6251E1F9400A83700 /* FiraGO-Light.otf in Resources */,
				F2A74C9825234FFA0076B94A /* Person.storyboard in Resources */,
				B57D3A15252086D600477166 /* FilterSheet.xib in Resources */,
				F21BB00E251E10D500A64B34 /* LaunchScreen.storyboard in Resources */,
				F21BB00B251E10D500A64B34 /* Assets.xcassets in Resources */,
				F282951D251E219300DA1140 /* TVShowCell.xib in Resources */,
				F2F95FC7251E1F9400A83700 /* FiraGO-Medium.otf in Resources */,
				F2829530251E221200DA1140 /* Details.storyboard in Resources */,
				B5993AF82522659400E312A9 /* Cast.storyboard in Resources */,
				B5474F3F2520D49700A5979B /* Splash.storyboard in Resources */,
				B5993B052522662500E312A9 /* CastCell.xib in Resources */,
				B581248F251F608A00778496 /* SimilarShows.storyboard in Resources */,
			);
			runOnlyForDeploymentPostprocessing = 0;
		};
		F21BB012251E10D500A64B34 /* Resources */ = {
			isa = PBXResourcesBuildPhase;
			buildActionMask = 2147483647;
			files = (
			);
			runOnlyForDeploymentPostprocessing = 0;
		};
		F21BB01D251E10D500A64B34 /* Resources */ = {
			isa = PBXResourcesBuildPhase;
			buildActionMask = 2147483647;
			files = (
			);
			runOnlyForDeploymentPostprocessing = 0;
		};
/* End PBXResourcesBuildPhase section */

/* Begin PBXSourcesBuildPhase section */
		F21BAFFA251E10D300A64B34 /* Sources */ = {
			isa = PBXSourcesBuildPhase;
			buildActionMask = 2147483647;
			files = (
				B5993AF1252262AA00E312A9 /* CastResponse.swift in Sources */,
				B5993B1125226AC200E312A9 /* CastViewModel.swift in Sources */,
				F21BB006251E10D300A64B34 /* MainViewController.swift in Sources */,
				F282952F251E221200DA1140 /* DetailsViewController.swift in Sources */,
				F2E3CF6B2522194E002C13B1 /* AnchoredConstraints.swift in Sources */,
				F21BB073251E12EA00A64B34 /* DeleteWebServiceOperation.swift in Sources */,
				F21BB040251E128C00A64B34 /* UICollectionView+Extension.swift in Sources */,
				F24C1FF1251E2DDA00F582F0 /* TVShowsResponse.swift in Sources */,
				B5474F452520D4C900A5979B /* SplashViewController.swift in Sources */,
				F21BB075251E12EA00A64B34 /* ApiConfiguration.swift in Sources */,
				F21BB06A251E12EA00A64B34 /* HTTPHeaders.swift in Sources */,
				F21BB041251E128C00A64B34 /* UICollectionViewCell+Extension.swift in Sources */,
				B5993B042522662500E312A9 /* CastCell.swift in Sources */,
				F21BB002251E10D300A64B34 /* AppDelegate.swift in Sources */,
				F21BB004251E10D300A64B34 /* SceneDelegate.swift in Sources */,
				F21BB052251E12CC00A64B34 /* Constants.swift in Sources */,
				F2E3CF5E252217A5002C13B1 /* DetailsHeaderView.swift in Sources */,
				B533916325208F38009C8500 /* RatingView.swift in Sources */,
				F21BB06C251E12EA00A64B34 /* GetWebServiceOperation.swift in Sources */,
				F21BB076251E12EA00A64B34 /* WebServiceManager.swift in Sources */,
				B575D81F251E6D170015216C /* NEOImageView.swift in Sources */,
				B5E2515F251F13150033973D /* Storyboard+Extension.swift in Sources */,
				B5E2515A251F12AC0033973D /* AppStoryboard.swift in Sources */,
				F24C1FFC251E2EEB00F582F0 /* APP.swift in Sources */,
				F21BB072251E12EA00A64B34 /* PostWebServiceOperation.swift in Sources */,
				B54A74192520E601005C0067 /* UIStackView+Extensions.swift in Sources */,
				F282951E251E219300DA1140 /* TVShowCell.swift in Sources */,
				F21120B22523638600FDE779 /* PersonViewModel.swift in Sources */,
				B594202825239B6700358C20 /* PersonServiceManager.swift in Sources */,
				B533916A2520A4F6009C8500 /* MambaSearchField.swift in Sources */,
				F21BB03F251E128C00A64B34 /* UIColor+Extension.swift in Sources */,
				F24C1FD9251E22D300F582F0 /* TVShowViewModel.swift in Sources */,
				F21BB048251E12B500A64B34 /* Log.swift in Sources */,
				F21BB042251E128C00A64B34 /* UIDevice+Extensions.swift in Sources */,
				B594202325239B1600358C20 /* Person.swift in Sources */,
				B58A3B90251F876F00AC6319 /* TVShowsViewModel.swift in Sources */,
				F21BB067251E12EA00A64B34 /* PutWebServiceOperation.swift in Sources */,
				B533B7A1251E5A220030E640 /* Array+Extension.swift in Sources */,
				B594202D25239DBC00358C20 /* PersonPageViewModel.swift in Sources */,
				B5993AFD252265B000E312A9 /* CastViewController.swift in Sources */,
				F21BB070251E12EA00A64B34 /* WebServiceOperation.swift in Sources */,
				B5E25155251F12030033973D /* AppCoordinator.swift in Sources */,
				B5E25164251F148B0033973D /* UIViewController+Extension.swift in Sources */,
				B5E25141251F0F7D0033973D /* BaseViewController.swift in Sources */,
				F2A74C9D2523501C0076B94A /* PersonViewController.swift in Sources */,
				B57D3A1A252086ED00477166 /* FilterSheet.swift in Sources */,
				B575D824251E6D540015216C /* DiscardableImageCacheItem.swift in Sources */,
				F21BB068251E12EA00A64B34 /* HeadWebServiceOperation.swift in Sources */,
				B5E2514D251F11CA0033973D /* Coordinator.swift in Sources */,
				F21BB04D251E12BB00A64B34 /* Taptic.swift in Sources */,
				F24C1FEB251E2C8400F582F0 /* TVShowServiceManager.swift in Sources */,
				B533B7A6251E5A4F0030E640 /* UIView+Extension.swift in Sources */,
				B533B799251E59DB0030E640 /* UINavigationBar+Extensions.swift in Sources */,
				F24C1FE2251E237000F582F0 /* GradientView.swift in Sources */,
				F21BB074251E12EA00A64B34 /* AsyncOperation.swift in Sources */,
				B5812495251F617600778496 /* SimilarShowsViewController.swift in Sources */,
				B5812485251F551E00778496 /* UIFont+Extension.swift in Sources */,
				F2E3CF6325221919002C13B1 /* UIView+Layout.swift in Sources */,
				F21BB069251E12EA00A64B34 /* NeoError.swift in Sources */,
			);
			runOnlyForDeploymentPostprocessing = 0;
		};
		F21BB010251E10D500A64B34 /* Sources */ = {
			isa = PBXSourcesBuildPhase;
			buildActionMask = 2147483647;
			files = (
				F21BB019251E10D500A64B34 /* Movie_DBTests.swift in Sources */,
			);
			runOnlyForDeploymentPostprocessing = 0;
		};
		F21BB01B251E10D500A64B34 /* Sources */ = {
			isa = PBXSourcesBuildPhase;
			buildActionMask = 2147483647;
			files = (
				F21BB024251E10D500A64B34 /* Movie_DBUITests.swift in Sources */,
			);
			runOnlyForDeploymentPostprocessing = 0;
		};
/* End PBXSourcesBuildPhase section */

/* Begin PBXTargetDependency section */
		F21BB016251E10D500A64B34 /* PBXTargetDependency */ = {
			isa = PBXTargetDependency;
			target = F21BAFFD251E10D300A64B34 /* Mamba */;
			targetProxy = F21BB015251E10D500A64B34 /* PBXContainerItemProxy */;
		};
		F21BB021251E10D500A64B34 /* PBXTargetDependency */ = {
			isa = PBXTargetDependency;
			target = F21BAFFD251E10D300A64B34 /* Mamba */;
			targetProxy = F21BB020251E10D500A64B34 /* PBXContainerItemProxy */;
		};
/* End PBXTargetDependency section */

/* Begin PBXVariantGroup section */
		F21BB00C251E10D500A64B34 /* LaunchScreen.storyboard */ = {
			isa = PBXVariantGroup;
			children = (
				F21BB00D251E10D500A64B34 /* Base */,
			);
			name = LaunchScreen.storyboard;
			sourceTree = "<group>";
		};
/* End PBXVariantGroup section */

/* Begin XCBuildConfiguration section */
		F21BB026251E10D500A64B34 /* Debug */ = {
			isa = XCBuildConfiguration;
			buildSettings = {
				ALWAYS_SEARCH_USER_PATHS = NO;
				CLANG_ANALYZER_NONNULL = YES;
				CLANG_ANALYZER_NUMBER_OBJECT_CONVERSION = YES_AGGRESSIVE;
				CLANG_CXX_LANGUAGE_STANDARD = "gnu++14";
				CLANG_CXX_LIBRARY = "libc++";
				CLANG_ENABLE_MODULES = YES;
				CLANG_ENABLE_OBJC_ARC = YES;
				CLANG_ENABLE_OBJC_WEAK = YES;
				CLANG_WARN_BLOCK_CAPTURE_AUTORELEASING = YES;
				CLANG_WARN_BOOL_CONVERSION = YES;
				CLANG_WARN_COMMA = YES;
				CLANG_WARN_CONSTANT_CONVERSION = YES;
				CLANG_WARN_DEPRECATED_OBJC_IMPLEMENTATIONS = YES;
				CLANG_WARN_DIRECT_OBJC_ISA_USAGE = YES_ERROR;
				CLANG_WARN_DOCUMENTATION_COMMENTS = YES;
				CLANG_WARN_EMPTY_BODY = YES;
				CLANG_WARN_ENUM_CONVERSION = YES;
				CLANG_WARN_INFINITE_RECURSION = YES;
				CLANG_WARN_INT_CONVERSION = YES;
				CLANG_WARN_NON_LITERAL_NULL_CONVERSION = YES;
				CLANG_WARN_OBJC_IMPLICIT_RETAIN_SELF = YES;
				CLANG_WARN_OBJC_LITERAL_CONVERSION = YES;
				CLANG_WARN_OBJC_ROOT_CLASS = YES_ERROR;
				CLANG_WARN_QUOTED_INCLUDE_IN_FRAMEWORK_HEADER = YES;
				CLANG_WARN_RANGE_LOOP_ANALYSIS = YES;
				CLANG_WARN_STRICT_PROTOTYPES = YES;
				CLANG_WARN_SUSPICIOUS_MOVE = YES;
				CLANG_WARN_UNGUARDED_AVAILABILITY = YES_AGGRESSIVE;
				CLANG_WARN_UNREACHABLE_CODE = YES;
				CLANG_WARN__DUPLICATE_METHOD_MATCH = YES;
				COPY_PHASE_STRIP = NO;
				DEBUG_INFORMATION_FORMAT = dwarf;
				ENABLE_STRICT_OBJC_MSGSEND = YES;
				ENABLE_TESTABILITY = YES;
				GCC_C_LANGUAGE_STANDARD = gnu11;
				GCC_DYNAMIC_NO_PIC = NO;
				GCC_NO_COMMON_BLOCKS = YES;
				GCC_OPTIMIZATION_LEVEL = 0;
				GCC_PREPROCESSOR_DEFINITIONS = (
					"DEBUG=1",
					"$(inherited)",
				);
				GCC_WARN_64_TO_32_BIT_CONVERSION = YES;
				GCC_WARN_ABOUT_RETURN_TYPE = YES_ERROR;
				GCC_WARN_UNDECLARED_SELECTOR = YES;
				GCC_WARN_UNINITIALIZED_AUTOS = YES_AGGRESSIVE;
				GCC_WARN_UNUSED_FUNCTION = YES;
				GCC_WARN_UNUSED_VARIABLE = YES;
				IPHONEOS_DEPLOYMENT_TARGET = 14.0;
				MTL_ENABLE_DEBUG_INFO = INCLUDE_SOURCE;
				MTL_FAST_MATH = YES;
				ONLY_ACTIVE_ARCH = YES;
				SDKROOT = iphoneos;
				SWIFT_ACTIVE_COMPILATION_CONDITIONS = DEBUG;
				SWIFT_OPTIMIZATION_LEVEL = "-Onone";
			};
			name = Debug;
		};
		F21BB027251E10D500A64B34 /* Release */ = {
			isa = XCBuildConfiguration;
			buildSettings = {
				ALWAYS_SEARCH_USER_PATHS = NO;
				CLANG_ANALYZER_NONNULL = YES;
				CLANG_ANALYZER_NUMBER_OBJECT_CONVERSION = YES_AGGRESSIVE;
				CLANG_CXX_LANGUAGE_STANDARD = "gnu++14";
				CLANG_CXX_LIBRARY = "libc++";
				CLANG_ENABLE_MODULES = YES;
				CLANG_ENABLE_OBJC_ARC = YES;
				CLANG_ENABLE_OBJC_WEAK = YES;
				CLANG_WARN_BLOCK_CAPTURE_AUTORELEASING = YES;
				CLANG_WARN_BOOL_CONVERSION = YES;
				CLANG_WARN_COMMA = YES;
				CLANG_WARN_CONSTANT_CONVERSION = YES;
				CLANG_WARN_DEPRECATED_OBJC_IMPLEMENTATIONS = YES;
				CLANG_WARN_DIRECT_OBJC_ISA_USAGE = YES_ERROR;
				CLANG_WARN_DOCUMENTATION_COMMENTS = YES;
				CLANG_WARN_EMPTY_BODY = YES;
				CLANG_WARN_ENUM_CONVERSION = YES;
				CLANG_WARN_INFINITE_RECURSION = YES;
				CLANG_WARN_INT_CONVERSION = YES;
				CLANG_WARN_NON_LITERAL_NULL_CONVERSION = YES;
				CLANG_WARN_OBJC_IMPLICIT_RETAIN_SELF = YES;
				CLANG_WARN_OBJC_LITERAL_CONVERSION = YES;
				CLANG_WARN_OBJC_ROOT_CLASS = YES_ERROR;
				CLANG_WARN_QUOTED_INCLUDE_IN_FRAMEWORK_HEADER = YES;
				CLANG_WARN_RANGE_LOOP_ANALYSIS = YES;
				CLANG_WARN_STRICT_PROTOTYPES = YES;
				CLANG_WARN_SUSPICIOUS_MOVE = YES;
				CLANG_WARN_UNGUARDED_AVAILABILITY = YES_AGGRESSIVE;
				CLANG_WARN_UNREACHABLE_CODE = YES;
				CLANG_WARN__DUPLICATE_METHOD_MATCH = YES;
				COPY_PHASE_STRIP = NO;
				DEBUG_INFORMATION_FORMAT = "dwarf-with-dsym";
				ENABLE_NS_ASSERTIONS = NO;
				ENABLE_STRICT_OBJC_MSGSEND = YES;
				GCC_C_LANGUAGE_STANDARD = gnu11;
				GCC_NO_COMMON_BLOCKS = YES;
				GCC_WARN_64_TO_32_BIT_CONVERSION = YES;
				GCC_WARN_ABOUT_RETURN_TYPE = YES_ERROR;
				GCC_WARN_UNDECLARED_SELECTOR = YES;
				GCC_WARN_UNINITIALIZED_AUTOS = YES_AGGRESSIVE;
				GCC_WARN_UNUSED_FUNCTION = YES;
				GCC_WARN_UNUSED_VARIABLE = YES;
				IPHONEOS_DEPLOYMENT_TARGET = 14.0;
				MTL_ENABLE_DEBUG_INFO = NO;
				MTL_FAST_MATH = YES;
				SDKROOT = iphoneos;
				SWIFT_COMPILATION_MODE = wholemodule;
				SWIFT_OPTIMIZATION_LEVEL = "-O";
				VALIDATE_PRODUCT = YES;
			};
			name = Release;
		};
		F21BB029251E10D500A64B34 /* Debug */ = {
			isa = XCBuildConfiguration;
			buildSettings = {
				ASSETCATALOG_COMPILER_APPICON_NAME = AppIcon;
				ASSETCATALOG_COMPILER_GLOBAL_ACCENT_COLOR_NAME = AccentColor;
				CODE_SIGN_STYLE = Automatic;
				DEVELOPMENT_TEAM = 62BA3UNA7M;
				INFOPLIST_FILE = "Mamba/Supporting Files/Info.plist";
				IPHONEOS_DEPLOYMENT_TARGET = 12.0;
				LD_RUNPATH_SEARCH_PATHS = (
					"$(inherited)",
					"@executable_path/Frameworks",
				);
				PRODUCT_BUNDLE_IDENTIFIER = tech.coremotion.mamba;
				PRODUCT_NAME = "$(TARGET_NAME)";
				SWIFT_VERSION = 5.0;
				TARGETED_DEVICE_FAMILY = "1,2";
			};
			name = Debug;
		};
		F21BB02A251E10D500A64B34 /* Release */ = {
			isa = XCBuildConfiguration;
			buildSettings = {
				ASSETCATALOG_COMPILER_APPICON_NAME = AppIcon;
				ASSETCATALOG_COMPILER_GLOBAL_ACCENT_COLOR_NAME = AccentColor;
				CODE_SIGN_STYLE = Automatic;
				DEVELOPMENT_TEAM = 62BA3UNA7M;
				INFOPLIST_FILE = "Mamba/Supporting Files/Info.plist";
				IPHONEOS_DEPLOYMENT_TARGET = 12.0;
				LD_RUNPATH_SEARCH_PATHS = (
					"$(inherited)",
					"@executable_path/Frameworks",
				);
				PRODUCT_BUNDLE_IDENTIFIER = tech.coremotion.mamba;
				PRODUCT_NAME = "$(TARGET_NAME)";
				SWIFT_VERSION = 5.0;
				TARGETED_DEVICE_FAMILY = "1,2";
			};
			name = Release;
		};
		F21BB02C251E10D500A64B34 /* Debug */ = {
			isa = XCBuildConfiguration;
			buildSettings = {
				ALWAYS_EMBED_SWIFT_STANDARD_LIBRARIES = YES;
				BUNDLE_LOADER = "$(TEST_HOST)";
				CODE_SIGN_STYLE = Automatic;
				DEVELOPMENT_TEAM = 62BA3UNA7M;
				INFOPLIST_FILE = "Movie DBTests/Info.plist";
				IPHONEOS_DEPLOYMENT_TARGET = 14.0;
				LD_RUNPATH_SEARCH_PATHS = (
					"$(inherited)",
					"@executable_path/Frameworks",
					"@loader_path/Frameworks",
				);
				PRODUCT_BUNDLE_IDENTIFIER = "tech.coremotion.Movie-DBTests";
				PRODUCT_NAME = "$(TARGET_NAME)";
				SWIFT_VERSION = 5.0;
				TARGETED_DEVICE_FAMILY = "1,2";
				TEST_HOST = "$(BUILT_PRODUCTS_DIR)/Mamba.app/Mamba";
			};
			name = Debug;
		};
		F21BB02D251E10D500A64B34 /* Release */ = {
			isa = XCBuildConfiguration;
			buildSettings = {
				ALWAYS_EMBED_SWIFT_STANDARD_LIBRARIES = YES;
				BUNDLE_LOADER = "$(TEST_HOST)";
				CODE_SIGN_STYLE = Automatic;
				DEVELOPMENT_TEAM = 62BA3UNA7M;
				INFOPLIST_FILE = "Movie DBTests/Info.plist";
				IPHONEOS_DEPLOYMENT_TARGET = 14.0;
				LD_RUNPATH_SEARCH_PATHS = (
					"$(inherited)",
					"@executable_path/Frameworks",
					"@loader_path/Frameworks",
				);
				PRODUCT_BUNDLE_IDENTIFIER = "tech.coremotion.Movie-DBTests";
				PRODUCT_NAME = "$(TARGET_NAME)";
				SWIFT_VERSION = 5.0;
				TARGETED_DEVICE_FAMILY = "1,2";
				TEST_HOST = "$(BUILT_PRODUCTS_DIR)/Mamba.app/Mamba";
			};
			name = Release;
		};
		F21BB02F251E10D500A64B34 /* Debug */ = {
			isa = XCBuildConfiguration;
			buildSettings = {
				ALWAYS_EMBED_SWIFT_STANDARD_LIBRARIES = YES;
				CODE_SIGN_STYLE = Automatic;
				DEVELOPMENT_TEAM = 62BA3UNA7M;
				INFOPLIST_FILE = "Movie DBUITests/Info.plist";
				LD_RUNPATH_SEARCH_PATHS = (
					"$(inherited)",
					"@executable_path/Frameworks",
					"@loader_path/Frameworks",
				);
				PRODUCT_BUNDLE_IDENTIFIER = "tech.coremotion.Movie-DBUITests";
				PRODUCT_NAME = "$(TARGET_NAME)";
				SWIFT_VERSION = 5.0;
				TARGETED_DEVICE_FAMILY = "1,2";
				TEST_TARGET_NAME = "Movie DB";
			};
			name = Debug;
		};
		F21BB030251E10D500A64B34 /* Release */ = {
			isa = XCBuildConfiguration;
			buildSettings = {
				ALWAYS_EMBED_SWIFT_STANDARD_LIBRARIES = YES;
				CODE_SIGN_STYLE = Automatic;
				DEVELOPMENT_TEAM = 62BA3UNA7M;
				INFOPLIST_FILE = "Movie DBUITests/Info.plist";
				LD_RUNPATH_SEARCH_PATHS = (
					"$(inherited)",
					"@executable_path/Frameworks",
					"@loader_path/Frameworks",
				);
				PRODUCT_BUNDLE_IDENTIFIER = "tech.coremotion.Movie-DBUITests";
				PRODUCT_NAME = "$(TARGET_NAME)";
				SWIFT_VERSION = 5.0;
				TARGETED_DEVICE_FAMILY = "1,2";
				TEST_TARGET_NAME = "Movie DB";
			};
			name = Release;
		};
/* End XCBuildConfiguration section */

/* Begin XCConfigurationList section */
		F21BAFF9251E10D300A64B34 /* Build configuration list for PBXProject "Mamba" */ = {
			isa = XCConfigurationList;
			buildConfigurations = (
				F21BB026251E10D500A64B34 /* Debug */,
				F21BB027251E10D500A64B34 /* Release */,
			);
			defaultConfigurationIsVisible = 0;
			defaultConfigurationName = Release;
		};
		F21BB028251E10D500A64B34 /* Build configuration list for PBXNativeTarget "Mamba" */ = {
			isa = XCConfigurationList;
			buildConfigurations = (
				F21BB029251E10D500A64B34 /* Debug */,
				F21BB02A251E10D500A64B34 /* Release */,
			);
			defaultConfigurationIsVisible = 0;
			defaultConfigurationName = Release;
		};
		F21BB02B251E10D500A64B34 /* Build configuration list for PBXNativeTarget "MambaTests" */ = {
			isa = XCConfigurationList;
			buildConfigurations = (
				F21BB02C251E10D500A64B34 /* Debug */,
				F21BB02D251E10D500A64B34 /* Release */,
			);
			defaultConfigurationIsVisible = 0;
			defaultConfigurationName = Release;
		};
		F21BB02E251E10D500A64B34 /* Build configuration list for PBXNativeTarget "MambaUITests" */ = {
			isa = XCConfigurationList;
			buildConfigurations = (
				F21BB02F251E10D500A64B34 /* Debug */,
				F21BB030251E10D500A64B34 /* Release */,
			);
			defaultConfigurationIsVisible = 0;
			defaultConfigurationName = Release;
		};
/* End XCConfigurationList section */
	};
	rootObject = F21BAFF6251E10D300A64B34 /* Project object */;
}
